{
  "name": "usepack",
  "version": "1.0.0",
  "lockfileVersion": 3,
  "requires": true,
  "packages": {
    "": {
      "name": "usepack",
      "version": "1.0.0",
      "license": "ISC",
      "dependencies": {
        "dotenv": "^17.2.3",
        "seconddev": "^1.0.2"
      }
    },
    "node_modules/dotenv": {
      "version": "17.2.3",
      "resolved": "https://registry.npmjs.org/dotenv/-/dotenv-17.2.3.tgz",
      "integrity": "sha512-JVUnt+DUIzu87TABbhPmNfVdBDt18BLOWjMUFJMSi/Qqg7NTYtabbvSNJGOJ7afbRuv9D/lngizHtP7QyLQ+9w==",
      "license": "BSD-2-Clause",
      "engines": {
        "node": ">=12"
      },
      "funding": {
        "url": "https://dotenvx.com"
      }
    },
    "node_modules/seconddev": {
      "version": "1.0.2",
      "resolved": "https://registry.npmjs.org/seconddev/-/seconddev-1.0.2.tgz",
      "integrity": "sha512-ybxAUWCTadXkgLMgD1KcDVk5odBwtEuy3XDQWNE8oph41qwvIAnDnWu6z87Zvdnzt/a8Tsy5S1gYKbOwCSCYoQ==",
      "license": "ISC",
      "dependencies": {
        "dotenv": "^17.2.3"
      }
    }
  }
}
